// !$*UTF8*$!
{
	archiveVersion = 1;
	classes = {
	};
	objectVersion = 51;
	objects = {

/* Begin PBXBuildFile section */
		C31FD9F025D1B2EF003276DC /* ViewModel.swift in Sources */ = {isa = PBXBuildFile; fileRef = C31FD9EF25D1B2EF003276DC /* ViewModel.swift */; };
		C35B539525CDBD2500BE9D74 /* TerremotosApp.swift in Sources */ = {isa = PBXBuildFile; fileRef = C35B539425CDBD2500BE9D74 /* TerremotosApp.swift */; };
		C35B539725CDBD2500BE9D74 /* ContentView.swift in Sources */ = {isa = PBXBuildFile; fileRef = C35B539625CDBD2500BE9D74 /* ContentView.swift */; };
		C35B539925CDBD2600BE9D74 /* Assets.xcassets in Resources */ = {isa = PBXBuildFile; fileRef = C35B539825CDBD2600BE9D74 /* Assets.xcassets */; };
		C35B539C25CDBD2600BE9D74 /* Preview Assets.xcassets in Resources */ = {isa = PBXBuildFile; fileRef = C35B539B25CDBD2600BE9D74 /* Preview Assets.xcassets */; };
		CC19D899188A28B0BF455A83 /* Pods_Terremotos.framework in Frameworks */ = {isa = PBXBuildFile; fileRef = 1D4A81182CE30ACB06CDCC8E /* Pods_Terremotos.framework */; };
/* End PBXBuildFile section */

/* Begin PBXFileReference section */
		1D4A81182CE30ACB06CDCC8E /* Pods_Terremotos.framework */ = {isa = PBXFileReference; explicitFileType = wrapper.framework; includeInIndex = 0; path = Pods_Terremotos.framework; sourceTree = BUILT_PRODUCTS_DIR; };
		2E7B4DFAE590231DCA02ED83 /* Pods-Terremotos.debug.xcconfig */ = {isa = PBXFileReference; includeInIndex = 1; lastKnownFileType = text.xcconfig; name = "Pods-Terremotos.debug.xcconfig"; path = "Target Support Files/Pods-Terremotos/Pods-Terremotos.debug.xcconfig"; sourceTree = "<group>"; };
		ABBF3CC901522A5D4F4CAF19 /* Pods-Terremotos.release.xcconfig */ = {isa = PBXFileReference; includeInIndex = 1; lastKnownFileType = text.xcconfig; name = "Pods-Terremotos.release.xcconfig"; path = "Target Support Files/Pods-Terremotos/Pods-Terremotos.release.xcconfig"; sourceTree = "<group>"; };
		C31FD9EF25D1B2EF003276DC /* ViewModel.swift */ = {isa = PBXFileReference; lastKnownFileType = sourcecode.swift; path = ViewModel.swift; sourceTree = "<group>"; };
		C35B539125CDBD2500BE9D74 /* Terremotos.app */ = {isa = PBXFileReference; explicitFileType = wrapper.application; includeInIndex = 0; path = Terremotos.app; sourceTree = BUILT_PRODUCTS_DIR; };
		C35B539425CDBD2500BE9D74 /* TerremotosApp.swift */ = {isa = PBXFileReference; lastKnownFileType = sourcecode.swift; path = TerremotosApp.swift; sourceTree = "<group>"; };
		C35B539625CDBD2500BE9D74 /* ContentView.swift */ = {isa = PBXFileReference; lastKnownFileType = sourcecode.swift; path = ContentView.swift; sourceTree = "<group>"; };
		C35B539825CDBD2600BE9D74 /* Assets.xcassets */ = {isa = PBXFileReference; lastKnownFileType = folder.assetcatalog; path = Assets.xcassets; sourceTree = "<group>"; };
		C35B539B25CDBD2600BE9D74 /* Preview Assets.xcassets */ = {isa = PBXFileReference; lastKnownFileType = folder.assetcatalog; path = "Preview Assets.xcassets"; sourceTree = "<group>"; };
		C35B539D25CDBD2600BE9D74 /* Info.plist */ = {isa = PBXFileReference; lastKnownFileType = text.plist.xml; path = Info.plist; sourceTree = "<group>"; };
/* End PBXFileReference section */

/* Begin PBXFrameworksBuildPhase section */
		C35B538E25CDBD2500BE9D74 /* Frameworks */ = {
			isa = PBXFrameworksBuildPhase;
			buildActionMask = 2147483647;
			files = (
				CC19D899188A28B0BF455A83 /* Pods_Terremotos.framework in Frameworks */,
			);
			runOnlyForDeploymentPostprocessing = 0;
		};
/* End PBXFrameworksBuildPhase section */

/* Begin PBXGroup section */
		8A0A279F8CD2FC156D113E05 /* Pods */ = {
			isa = PBXGroup;
			children = (
				2E7B4DFAE590231DCA02ED83 /* Pods-Terremotos.debug.xcconfig */,
				ABBF3CC901522A5D4F4CAF19 /* Pods-Terremotos.release.xcconfig */,
			);
			path = Pods;
			sourceTree = "<group>";
		};
		BA780DCB4BB4BF16F4DF55D5 /* Frameworks */ = {
			isa = PBXGroup;
			children = (
				1D4A81182CE30ACB06CDCC8E /* Pods_Terremotos.framework */,
			);
			name = Frameworks;
			sourceTree = "<group>";
		};
		C35B538825CDBD2500BE9D74 = {
			isa = PBXGroup;
			children = (
				C35B539325CDBD2500BE9D74 /* Terremotos */,
				C35B539225CDBD2500BE9D74 /* Products */,
				8A0A279F8CD2FC156D113E05 /* Pods */,
				BA780DCB4BB4BF16F4DF55D5 /* Frameworks */,
			);
			sourceTree = "<group>";
		};
		C35B539225CDBD2500BE9D74 /* Products */ = {
			isa = PBXGroup;
			children = (
				C35B539125CDBD2500BE9D74 /* Terremotos.app */,
			);
			name = Products;
			sourceTree = "<group>";
		};
		C35B539325CDBD2500BE9D74 /* Terremotos */ = {
			isa = PBXGroup;
			children = (
				C35B539425CDBD2500BE9D74 /* TerremotosApp.swift */,
				C31FD9EF25D1B2EF003276DC /* ViewModel.swift */,
				C35B539625CDBD2500BE9D74 /* ContentView.swift */,
				C35B539825CDBD2600BE9D74 /* Assets.xcassets */,
				C35B539D25CDBD2600BE9D74 /* Info.plist */,
				C35B539A25CDBD2600BE9D74 /* Preview Content */,
			);
			path = Terremotos;
			sourceTree = "<group>";
		};
		C35B539A25CDBD2600BE9D74 /* Preview Content */ = {
			isa = PBXGroup;
			children = (
				C35B539B25CDBD2600BE9D74 /* Preview Assets.xcassets */,
			);
			path = "Preview Content";
			sourceTree = "<group>";
		};
/* End PBXGroup section */

/* Begin PBXNativeTarget section */
		C35B539025CDBD2500BE9D74 /* Terremotos */ = {
			isa = PBXNativeTarget;
			buildConfigurationList = C35B53A025CDBD2600BE9D74 /* Build configuration list for PBXNativeTarget "Terremotos" */;
			buildPhases = (
				991C302564450EBD13BC96C0 /* [CP] Check Pods Manifest.lock */,
				C35B538D25CDBD2500BE9D74 /* Sources */,
				C35B538E25CDBD2500BE9D74 /* Frameworks */,
				C35B538F25CDBD2500BE9D74 /* Resources */,
				BB52170996EB585CEF2B619B /* [CP] Embed Pods Frameworks */,
			);
			buildRules = (
			);
			dependencies = (
			);
			name = Terremotos;
			productName = Terremotos;
			productReference = C35B539125CDBD2500BE9D74 /* Terremotos.app */;
			productType = "com.apple.product-type.application";
		};
/* End PBXNativeTarget section */

/* Begin PBXProject section */
		C35B538925CDBD2500BE9D74 /* Project object */ = {
			isa = PBXProject;
			attributes = {
				LastSwiftUpdateCheck = 1230;
				LastUpgradeCheck = 1230;
				TargetAttributes = {
					C35B539025CDBD2500BE9D74 = {
						CreatedOnToolsVersion = 12.3;
					};
				};
			};
			buildConfigurationList = C35B538C25CDBD2500BE9D74 /* Build configuration list for PBXProject "Terremotos" */;
			compatibilityVersion = "Xcode 9.3";
			developmentRegion = en;
			hasScannedForEncodings = 0;
			knownRegions = (
				en,
				Base,
			);
			mainGroup = C35B538825CDBD2500BE9D74;
			productRefGroup = C35B539225CDBD2500BE9D74 /* Products */;
			projectDirPath = "";
			projectRoot = "";
			targets = (
				C35B539025CDBD2500BE9D74 /* Terremotos */,
			);
		};
/* End PBXProject section */

/* Begin PBXResourcesBuildPhase section */
		C35B538F25CDBD2500BE9D74 /* Resources */ = {
			isa = PBXResourcesBuildPhase;
			buildActionMask = 2147483647;
			files = (
				C35B539C25CDBD2600BE9D74 /* Preview Assets.xcassets in Resources */,
				C35B539925CDBD2600BE9D74 /* Assets.xcassets in Resources */,
			);
			runOnlyForDeploymentPostprocessing = 0;
		};
/* End PBXResourcesBuildPhase section */

/* Begin PBXShellScriptBuildPhase section */
		991C302564450EBD13BC96C0 /* [CP] Check Pods Manifest.lock */ = {
			isa = PBXShellScriptBuildPhase;
			buildActionMask = 2147483647;
			files = (
			);
			inputFileListPaths = (
			);
			inputPaths = (
				"${PODS_PODFILE_DIR_PATH}/Podfile.lock",
				"${PODS_ROOT}/Manifest.lock",
			);
			name = "[CP] Check Pods Manifest.lock";
			outputFileListPaths = (
			);
			outputPaths = (
				"$(DERIVED_FILE_DIR)/Pods-Terremotos-checkManifestLockResult.txt",
			);
			runOnlyForDeploymentPostprocessing = 0;
			shellPath = /bin/sh;
			shellScript = "diff \"${PODS_PODFILE_DIR_PATH}/Podfile.lock\" \"${PODS_ROOT}/Manifest.lock\" > /dev/null\nif [ $? != 0 ] ; then\n    # print error to STDERR\n    echo \"error: The sandbox is not in sync with the Podfile.lock. Run 'pod install' or update your CocoaPods installation.\" >&2\n    exit 1\nfi\n# This output is used by Xcode 'outputs' to avoid re-running this script phase.\necho \"SUCCESS\" > \"${SCRIPT_OUTPUT_FILE_0}\"\n";
			showEnvVarsInLog = 0;
		};
		BB52170996EB585CEF2B619B /* [CP] Embed Pods Frameworks */ = {
			isa = PBXShellScriptBuildPhase;
			buildActionMask = 2147483647;
			files = (
			);
			inputFileListPaths = (
				"${PODS_ROOT}/Target Support Files/Pods-Terremotos/Pods-Terremotos-frameworks-${CONFIGURATION}-input-files.xcfilelist",
			);
			name = "[CP] Embed Pods Frameworks";
			outputFileListPaths = (
				"${PODS_ROOT}/Target Support Files/Pods-Terremotos/Pods-Terremotos-frameworks-${CONFIGURATION}-output-files.xcfilelist",
			);
			runOnlyForDeploymentPostprocessing = 0;
			shellPath = /bin/sh;
			shellScript = "\"${PODS_ROOT}/Target Support Files/Pods-Terremotos/Pods-Terremotos-frameworks.sh\"\n";
			showEnvVarsInLog = 0;
		};
/* End PBXShellScriptBuildPhase section */

/* Begin PBXSourcesBuildPhase section */
		C35B538D25CDBD2500BE9D74 /* Sources */ = {
			isa = PBXSourcesBuildPhase;
			buildActionMask = 2147483647;
			files = (
				C35B539725CDBD2500BE9D74 /* ContentView.swift in Sources */,
				C31FD9F025D1B2EF003276DC /* ViewModel.swift in Sources */,
				C35B539525CDBD2500BE9D74 /* TerremotosApp.swift in Sources */,
			);
			runOnlyForDeploymentPostprocessing = 0;
		};
/* End PBXSourcesBuildPhase section */

/* Begin XCBuildConfiguration section */
		C35B539E25CDBD2600BE9D74 /* Debug */ = {
			isa = XCBuildConfiguration;
			buildSettings = {
				ALWAYS_SEARCH_USER_PATHS = NO;
				CLANG_ANALYZER_NONNULL = YES;
				CLANG_ANALYZER_NUMBER_OBJECT_CONVERSION = YES_AGGRESSIVE;
				CLANG_CXX_LANGUAGE_STANDARD = "gnu++14";
				CLANG_CXX_LIBRARY = "libc++";
				CLANG_ENABLE_MODULES = YES;
				CLANG_ENABLE_OBJC_ARC = YES;
				CLANG_ENABLE_OBJC_WEAK = YES;
				CLANG_WARN_BLOCK_CAPTURE_AUTORELEASING = YES;
				CLANG_WARN_BOOL_CONVERSION = YES;
				CLANG_WARN_COMMA = YES;
				CLANG_WARN_CONSTANT_CONVERSION = YES;
				CLANG_WARN_DEPRECATED_OBJC_IMPLEMENTATIONS = YES;
				CLANG_WARN_DIRECT_OBJC_ISA_USAGE = YES_ERROR;
				CLANG_WARN_DOCUMENTATION_COMMENTS = YES;
				CLANG_WARN_EMPTY_BODY = YES;
				CLANG_WARN_ENUM_CONVERSION = YES;
				CLANG_WARN_INFINITE_RECURSION = YES;
				CLANG_WARN_INT_CONVERSION = YES;
				CLANG_WARN_NON_LITERAL_NULL_CONVERSION = YES;
				CLANG_WARN_OBJC_IMPLICIT_RETAIN_SELF = YES;
				CLANG_WARN_OBJC_LITERAL_CONVERSION = YES;
				CLANG_WARN_OBJC_ROOT_CLASS = YES_ERROR;
				CLANG_WARN_QUOTED_INCLUDE_IN_FRAMEWORK_HEADER = YES;
				CLANG_WARN_RANGE_LOOP_ANALYSIS = YES;
				CLANG_WARN_STRICT_PROTOTYPES = YES;
				CLANG_WARN_SUSPICIOUS_MOVE = YES;
				CLANG_WARN_UNGUARDED_AVAILABILITY = YES_AGGRESSIVE;
				CLANG_WARN_UNREACHABLE_CODE = YES;
				CLANG_WARN__DUPLICATE_METHOD_MATCH = YES;
				COPY_PHASE_STRIP = NO;
				DEBUG_INFORMATION_FORMAT = dwarf;
				ENABLE_STRICT_OBJC_MSGSEND = YES;
				ENABLE_TESTABILITY = YES;
				GCC_C_LANGUAGE_STANDARD = gnu11;
				GCC_DYNAMIC_NO_PIC = NO;
				GCC_NO_COMMON_BLOCKS = YES;
				GCC_OPTIMIZATION_LEVEL = 0;
				GCC_PREPROCESSOR_DEFINITIONS = (
					"DEBUG=1",
					"$(inherited)",
				);
				GCC_WARN_64_TO_32_BIT_CONVERSION = YES;
				GCC_WARN_ABOUT_RETURN_TYPE = YES_ERROR;
				GCC_WARN_UNDECLARED_SELECTOR = YES;
				GCC_WARN_UNINITIALIZED_AUTOS = YES_AGGRESSIVE;
				GCC_WARN_UNUSED_FUNCTION = YES;
				GCC_WARN_UNUSED_VARIABLE = YES;
				IPHONEOS_DEPLOYMENT_TARGET = 14.3;
				MTL_ENABLE_DEBUG_INFO = INCLUDE_SOURCE;
				MTL_FAST_MATH = YES;
				ONLY_ACTIVE_ARCH = YES;
				SDKROOT = iphoneos;
				SWIFT_ACTIVE_COMPILATION_CONDITIONS = DEBUG;
				SWIFT_OPTIMIZATION_LEVEL = "-Onone";
			};
			name = Debug;
		};
		C35B539F25CDBD2600BE9D74 /* Release */ = {
			isa = XCBuildConfiguration;
			buildSettings = {
				ALWAYS_SEARCH_USER_PATHS = NO;
				CLANG_ANALYZER_NONNULL = YES;
				CLANG_ANALYZER_NUMBER_OBJECT_CONVERSION = YES_AGGRESSIVE;
				CLANG_CXX_LANGUAGE_STANDARD = "gnu++14";
				CLANG_CXX_LIBRARY = "libc++";
				CLANG_ENABLE_MODULES = YES;
				CLANG_ENABLE_OBJC_ARC = YES;
				CLANG_ENABLE_OBJC_WEAK = YES;
				CLANG_WARN_BLOCK_CAPTURE_AUTORELEASING = YES;
				CLANG_WARN_BOOL_CONVERSION = YES;
				CLANG_WARN_COMMA = YES;
				CLANG_WARN_CONSTANT_CONVERSION = YES;
				CLANG_WARN_DEPRECATED_OBJC_IMPLEMENTATIONS = YES;
				CLANG_WARN_DIRECT_OBJC_ISA_USAGE = YES_ERROR;
				CLANG_WARN_DOCUMENTATION_COMMENTS = YES;
				CLANG_WARN_EMPTY_BODY = YES;
				CLANG_WARN_ENUM_CONVERSION = YES;
				CLANG_WARN_INFINITE_RECURSION = YES;
				CLANG_WARN_INT_CONVERSION = YES;
				CLANG_WARN_NON_LITERAL_NULL_CONVERSION = YES;
				CLANG_WARN_OBJC_IMPLICIT_RETAIN_SELF = YES;
				CLANG_WARN_OBJC_LITERAL_CONVERSION = YES;
				CLANG_WARN_OBJC_ROOT_CLASS = YES_ERROR;
				CLANG_WARN_QUOTED_INCLUDE_IN_FRAMEWORK_HEADER = YES;
				CLANG_WARN_RANGE_LOOP_ANALYSIS = YES;
				CLANG_WARN_STRICT_PROTOTYPES = YES;
				CLANG_WARN_SUSPICIOUS_MOVE = YES;
				CLANG_WARN_UNGUARDED_AVAILABILITY = YES_AGGRESSIVE;
				CLANG_WARN_UNREACHABLE_CODE = YES;
				CLANG_WARN__DUPLICATE_METHOD_MATCH = YES;
				COPY_PHASE_STRIP = NO;
				DEBUG_INFORMATION_FORMAT = "dwarf-with-dsym";
				ENABLE_NS_ASSERTIONS = NO;
				ENABLE_STRICT_OBJC_MSGSEND = YES;
				GCC_C_LANGUAGE_STANDARD = gnu11;
				GCC_NO_COMMON_BLOCKS = YES;
				GCC_WARN_64_TO_32_BIT_CONVERSION = YES;
				GCC_WARN_ABOUT_RETURN_TYPE = YES_ERROR;
				GCC_WARN_UNDECLARED_SELECTOR = YES;
				GCC_WARN_UNINITIALIZED_AUTOS = YES_AGGRESSIVE;
				GCC_WARN_UNUSED_FUNCTION = YES;
				GCC_WARN_UNUSED_VARIABLE = YES;
				IPHONEOS_DEPLOYMENT_TARGET = 14.3;
				MTL_ENABLE_DEBUG_INFO = NO;
				MTL_FAST_MATH = YES;
				SDKROOT = iphoneos;
				SWIFT_COMPILATION_MODE = wholemodule;
				SWIFT_OPTIMIZATION_LEVEL = "-O";
				VALIDATE_PRODUCT = YES;
			};
			name = Release;
		};
		C35B53A125CDBD2600BE9D74 /* Debug */ = {
			isa = XCBuildConfiguration;
			baseConfigurationReference = 2E7B4DFAE590231DCA02ED83 /* Pods-Terremotos.debug.xcconfig */;
			buildSettings = {
				ASSETCATALOG_COMPILER_APPICON_NAME = AppIcon;
				ASSETCATALOG_COMPILER_GLOBAL_ACCENT_COLOR_NAME = AccentColor;
				CODE_SIGN_STYLE = Automatic;
				DEVELOPMENT_ASSET_PATHS = "\"Terremotos/Preview Content\"";
				ENABLE_PREVIEWS = YES;
				INFOPLIST_FILE = Terremotos/Info.plist;
				IPHONEOS_DEPLOYMENT_TARGET = 14.0;
				LD_RUNPATH_SEARCH_PATHS = (
					"$(inherited)",
					"@executable_path/Frameworks",
				);
				PRODUCT_BUNDLE_IDENTIFIER = com.raulgarcia.Terremotos;
				PRODUCT_NAME = "$(TARGET_NAME)";
				SWIFT_VERSION = 5.0;
				TARGETED_DEVICE_FAMILY = "1,2";
			};
			name = Debug;
		};
		C35B53A225CDBD2600BE9D74 /* Release */ = {
			isa = XCBuildConfiguration;
			baseConfigurationReference = ABBF3CC901522A5D4F4CAF19 /* Pods-Terremotos.release.xcconfig */;
			buildSettings = {
				ASSETCATALOG_COMPILER_APPICON_NAME = AppIcon;
				ASSETCATALOG_COMPILER_GLOBAL_ACCENT_COLOR_NAME = AccentColor;
				CODE_SIGN_STYLE = Automatic;
				DEVELOPMENT_ASSET_PATHS = "\"Terremotos/Preview Content\"";
				ENABLE_PREVIEWS = YES;
				INFOPLIST_FILE = Terremotos/Info.plist;
				IPHONEOS_DEPLOYMENT_TARGET = 14.0;
				LD_RUNPATH_SEARCH_PATHS = (
					"$(inherited)",
					"@executable_path/Frameworks",
				);
				PRODUCT_BUNDLE_IDENTIFIER = com.raulgarcia.Terremotos;
				PRODUCT_NAME = "$(TARGET_NAME)";
				SWIFT_VERSION = 5.0;
				TARGETED_DEVICE_FAMILY = "1,2";
			};
			name = Release;
		};
/* End XCBuildConfiguration section */

/* Begin XCConfigurationList section */
		C35B538C25CDBD2500BE9D74 /* Build configuration list for PBXProject "Terremotos" */ = {
			isa = XCConfigurationList;
			buildConfigurations = (
				C35B539E25CDBD2600BE9D74 /* Debug */,
				C35B539F25CDBD2600BE9D74 /* Release */,
			);
			defaultConfigurationIsVisible = 0;
			defaultConfigurationName = Release;
		};
		C35B53A025CDBD2600BE9D74 /* Build configuration list for PBXNativeTarget "Terremotos" */ = {
			isa = XCConfigurationList;
			buildConfigurations = (
				C35B53A125CDBD2600BE9D74 /* Debug */,
				C35B53A225CDBD2600BE9D74 /* Release */,
			);
			defaultConfigurationIsVisible = 0;
			defaultConfigurationName = Release;
		};
/* End XCConfigurationList section */
	};
	rootObject = C35B538925CDBD2500BE9D74 /* Project object */;
}
